
Microsoft Visual Studio Solution File, Format Version 12.00
# Visual Studio Version 17
VisualStudioVersion = 17.0.31903.59
MinimumVisualStudioVersion = 10.0.40219.1
Project("{2150E333-8FDC-42A3-9474-1A3956D46DE8}") = "1 - PRESENTATION", "1 - PRESENTATION", "{BFA769C0-3EFF-4AA1-9837-D1D66A57C210}"
EndProject
Project("{2150E333-8FDC-42A3-9474-1A3956D46DE8}") = "2 - SERVICES", "2 - SERVICES", "{076266DD-CCCF-409C-858B-9D87D352B6F2}"
EndProject
Project("{2150E333-8FDC-42A3-9474-1A3956D46DE8}") = "3 - APPLICATION", "3 - APPLICATION", "{CA251C83-C1E5-4944-8A14-2BAA191F4D83}"
EndProject
Project("{2150E333-8FDC-42A3-9474-1A3956D46DE8}") = "4 - DOMAIN", "4 - DOMAIN", "{61D57D00-574E-40F3-9D5F-845AC1CE4A4F}"
EndProject
Project("{2150E333-8FDC-42A3-9474-1A3956D46DE8}") = "5 - INFRA", "5 - INFRA", "{5BDD9F54-20E9-44E0-BF29-B10A92C0F491}"
EndProject
Project("{2150E333-8FDC-42A3-9474-1A3956D46DE8}") = "5.1 - DATA", "5.1 - DATA", "{27C7BE7D-2DE1-4334-9CAE-0670ED82F78B}"
EndProject
Project("{2150E333-8FDC-42A3-9474-1A3956D46DE8}") = "5.2 - CROSSCUTING", "5.2 - CROSSCUTING", "{7CF0A098-F86F-4EDD-81C9-17E7953DFF2F}"
EndProject
Project("{9A19103F-16F7-4668-BE54-9A1E7A4F7556}") = "Eventos.IO.Domain", "Eventos.IO.Domain\Eventos.IO.Domain.csproj", "{8B735268-E922-42E6-A080-FD96178B9192}"
EndProject
Project("{9A19103F-16F7-4668-BE54-9A1E7A4F7556}") = "Eventos.IO.Domain.Core", "src\Eventos.IO.Domain.Core\Eventos.IO.Domain.Core.csproj", "{07904CAD-287F-4156-A546-BACBF0E69613}"
EndProject
Project("{9A19103F-16F7-4668-BE54-9A1E7A4F7556}") = "Eventos.IO.Infra.Data", "src\Eventos.IO.Infra.Data\Eventos.IO.Infra.Data.csproj", "{5E3F3577-7ED8-4E9C-BF6D-ABB1AD689BF3}"
EndProject
Project("{9A19103F-16F7-4668-BE54-9A1E7A4F7556}") = "Eventos.IO.Site", "src\Eventos.IO.Site\Eventos.IO.Site.csproj", "{DF520F9B-CDB7-411D-ADC8-A06978274581}"
EndProject
Project("{9A19103F-16F7-4668-BE54-9A1E7A4F7556}") = "Eventos.IO.Application", "src\ConsoleApp1\Eventos.IO.Application\Eventos.IO.Application.csproj", "{793CB0AD-F1E1-45F5-ABFB-E38E9ADC5C7F}"
EndProject
Project("{9A19103F-16F7-4668-BE54-9A1E7A4F7556}") = "Eventos.IO.Infra.CrossCuting.IoC", "src\NativeInjectorBootStrapper\Eventos.IO.Infra.CrossCuting.IoC.csproj", "{9339417E-6FC5-42C8-9331-39A75B14377A}"
EndProject
Project("{9A19103F-16F7-4668-BE54-9A1E7A4F7556}") = "Eventos.IO.Infra.CrossCuting.Bus", "src\Eventos.IO.Infra.CrossCuting.Bus\Eventos.IO.Infra.CrossCuting.Bus.csproj", "{523A99B5-CE65-4113-A8B9-45D5BD186CBE}"
EndProject
Project("{9A19103F-16F7-4668-BE54-9A1E7A4F7556}") = "Eventos.IO.Infra.CrossCutting.AspNetFilters", "src\Eventos.IO.Infra.CrossCutting.AspNetFilters\Eventos.IO.Infra.CrossCutting.AspNetFilters.csproj", "{BC015772-BD6B-4B63-9FB2-BA4AEF1CBAED}"
EndProject
Project("{9A19103F-16F7-4668-BE54-9A1E7A4F7556}") = "Eventos.IO.Services.Api", "src\Eventos.IO.Services.Api\Eventos.IO.Services.Api.csproj", "{F9AB37FD-9D0D-4045-9242-D2851B146ED1}"
EndProject
Global
	GlobalSection(SolutionConfigurationPlatforms) = preSolution
		Debug|Any CPU = Debug|Any CPU
		Release|Any CPU = Release|Any CPU
	EndGlobalSection
	GlobalSection(ProjectConfigurationPlatforms) = postSolution
		{8B735268-E922-42E6-A080-FD96178B9192}.Debug|Any CPU.ActiveCfg = Debug|Any CPU
		{8B735268-E922-42E6-A080-FD96178B9192}.Debug|Any CPU.Build.0 = Debug|Any CPU
		{8B735268-E922-42E6-A080-FD96178B9192}.Release|Any CPU.ActiveCfg = Release|Any CPU
		{8B735268-E922-42E6-A080-FD96178B9192}.Release|Any CPU.Build.0 = Release|Any CPU
		{07904CAD-287F-4156-A546-BACBF0E69613}.Debug|Any CPU.ActiveCfg = Debug|Any CPU
		{07904CAD-287F-4156-A546-BACBF0E69613}.Debug|Any CPU.Build.0 = Debug|Any CPU
		{07904CAD-287F-4156-A546-BACBF0E69613}.Release|Any CPU.ActiveCfg = Release|Any CPU
		{07904CAD-287F-4156-A546-BACBF0E69613}.Release|Any CPU.Build.0 = Release|Any CPU
		{5E3F3577-7ED8-4E9C-BF6D-ABB1AD689BF3}.Debug|Any CPU.ActiveCfg = Debug|Any CPU
		{5E3F3577-7ED8-4E9C-BF6D-ABB1AD689BF3}.Debug|Any CPU.Build.0 = Debug|Any CPU
		{5E3F3577-7ED8-4E9C-BF6D-ABB1AD689BF3}.Release|Any CPU.ActiveCfg = Release|Any CPU
		{5E3F3577-7ED8-4E9C-BF6D-ABB1AD689BF3}.Release|Any CPU.Build.0 = Release|Any CPU
		{DF520F9B-CDB7-411D-ADC8-A06978274581}.Debug|Any CPU.ActiveCfg = Debug|Any CPU
		{DF520F9B-CDB7-411D-ADC8-A06978274581}.Debug|Any CPU.Build.0 = Debug|Any CPU
		{DF520F9B-CDB7-411D-ADC8-A06978274581}.Release|Any CPU.ActiveCfg = Release|Any CPU
		{DF520F9B-CDB7-411D-ADC8-A06978274581}.Release|Any CPU.Build.0 = Release|Any CPU
		{793CB0AD-F1E1-45F5-ABFB-E38E9ADC5C7F}.Debug|Any CPU.ActiveCfg = Debug|Any CPU
		{793CB0AD-F1E1-45F5-ABFB-E38E9ADC5C7F}.Debug|Any CPU.Build.0 = Debug|Any CPU
		{793CB0AD-F1E1-45F5-ABFB-E38E9ADC5C7F}.Release|Any CPU.ActiveCfg = Release|Any CPU
		{793CB0AD-F1E1-45F5-ABFB-E38E9ADC5C7F}.Release|Any CPU.Build.0 = Release|Any CPU
		{9339417E-6FC5-42C8-9331-39A75B14377A}.Debug|Any CPU.ActiveCfg = Debug|Any CPU
		{9339417E-6FC5-42C8-9331-39A75B14377A}.Debug|Any CPU.Build.0 = Debug|Any CPU
		{9339417E-6FC5-42C8-9331-39A75B14377A}.Release|Any CPU.ActiveCfg = Release|Any CPU
		{9339417E-6FC5-42C8-9331-39A75B14377A}.Release|Any CPU.Build.0 = Release|Any CPU
		{523A99B5-CE65-4113-A8B9-45D5BD186CBE}.Debug|Any CPU.ActiveCfg = Debug|Any CPU
		{523A99B5-CE65-4113-A8B9-45D5BD186CBE}.Debug|Any CPU.Build.0 = Debug|Any CPU
		{523A99B5-CE65-4113-A8B9-45D5BD186CBE}.Release|Any CPU.ActiveCfg = Release|Any CPU
		{523A99B5-CE65-4113-A8B9-45D5BD186CBE}.Release|Any CPU.Build.0 = Release|Any CPU
		{BC015772-BD6B-4B63-9FB2-BA4AEF1CBAED}.Debug|Any CPU.ActiveCfg = Debug|Any CPU
		{BC015772-BD6B-4B63-9FB2-BA4AEF1CBAED}.Debug|Any CPU.Build.0 = Debug|Any CPU
		{BC015772-BD6B-4B63-9FB2-BA4AEF1CBAED}.Release|Any CPU.ActiveCfg = Release|Any CPU
		{BC015772-BD6B-4B63-9FB2-BA4AEF1CBAED}.Release|Any CPU.Build.0 = Release|Any CPU
		{F9AB37FD-9D0D-4045-9242-D2851B146ED1}.Debug|Any CPU.ActiveCfg = Debug|Any CPU
		{F9AB37FD-9D0D-4045-9242-D2851B146ED1}.Debug|Any CPU.Build.0 = Debug|Any CPU
		{F9AB37FD-9D0D-4045-9242-D2851B146ED1}.Release|Any CPU.ActiveCfg = Release|Any CPU
		{F9AB37FD-9D0D-4045-9242-D2851B146ED1}.Release|Any CPU.Build.0 = Release|Any CPU
	EndGlobalSection
	GlobalSection(SolutionProperties) = preSolution
		HideSolutionNode = FALSE
	EndGlobalSection
	GlobalSection(NestedProjects) = preSolution
		{27C7BE7D-2DE1-4334-9CAE-0670ED82F78B} = {5BDD9F54-20E9-44E0-BF29-B10A92C0F491}
		{7CF0A098-F86F-4EDD-81C9-17E7953DFF2F} = {5BDD9F54-20E9-44E0-BF29-B10A92C0F491}
		{8B735268-E922-42E6-A080-FD96178B9192} = {61D57D00-574E-40F3-9D5F-845AC1CE4A4F}
		{07904CAD-287F-4156-A546-BACBF0E69613} = {61D57D00-574E-40F3-9D5F-845AC1CE4A4F}
		{5E3F3577-7ED8-4E9C-BF6D-ABB1AD689BF3} = {27C7BE7D-2DE1-4334-9CAE-0670ED82F78B}
		{DF520F9B-CDB7-411D-ADC8-A06978274581} = {BFA769C0-3EFF-4AA1-9837-D1D66A57C210}
		{793CB0AD-F1E1-45F5-ABFB-E38E9ADC5C7F} = {CA251C83-C1E5-4944-8A14-2BAA191F4D83}
		{9339417E-6FC5-42C8-9331-39A75B14377A} = {7CF0A098-F86F-4EDD-81C9-17E7953DFF2F}
		{523A99B5-CE65-4113-A8B9-45D5BD186CBE} = {7CF0A098-F86F-4EDD-81C9-17E7953DFF2F}
		{BC015772-BD6B-4B63-9FB2-BA4AEF1CBAED} = {7CF0A098-F86F-4EDD-81C9-17E7953DFF2F}
		{F9AB37FD-9D0D-4045-9242-D2851B146ED1} = {076266DD-CCCF-409C-858B-9D87D352B6F2}
	EndGlobalSection
	GlobalSection(ExtensibilityGlobals) = postSolution
		SolutionGuid = {0052E722-54EB-4853-959E-F809A20B3205}
	EndGlobalSection
EndGlobal
